{
  "name": "minify-elm",
  "lockfileVersion": 2,
  "requires": true,
  "packages": {
    "": {
      "dependencies": {
        "esbuild": "0.12.18",
        "uglify-js": "3.14.1"
      }
    },
    "node_modules/esbuild": {
      "version": "0.12.18",
      "resolved": "https://registry.npmjs.org/esbuild/-/esbuild-0.12.18.tgz",
      "integrity": "sha512-arWhBQSy+oiBAp8VRRCFvAU+3jyf0gGacABLO3haMHboXCDjzq4WUqyQklst2XRuFS8MXgap+9uvODqj9Iygpg==",
      "hasInstallScript": true,
      "bin": {
        "esbuild": "bin/esbuild"
      }
    },
    "node_modules/uglify-js": {
      "version": "3.14.1",
      "resolved": "https://registry.npmjs.org/uglify-js/-/uglify-js-3.14.1.tgz",
      "integrity": "sha512-JhS3hmcVaXlp/xSo3PKY5R0JqKs5M3IV+exdLHW99qKvKivPO4Z8qbej6mte17SOPqAOVMjt/XGgWacnFSzM3g==",
      "bin": {
        "uglifyjs": "bin/uglifyjs"
      },
      "engines": {
        "node": ">=0.8.0"
      }
    }
  },
  "dependencies": {
    "esbuild": {
      "version": "0.12.18",
      "resolved": "https://registry.npmjs.org/esbuild/-/esbuild-0.12.18.tgz",
      "integrity": "sha512-arWhBQSy+oiBAp8VRRCFvAU+3jyf0gGacABLO3haMHboXCDjzq4WUqyQklst2XRuFS8MXgap+9uvODqj9Iygpg=="
    },
    "uglify-js": {
      "version": "3.14.1",
      "resolved": "https://registry.npmjs.org/uglify-js/-/uglify-js-3.14.1.tgz",
      "integrity": "sha512-JhS3hmcVaXlp/xSo3PKY5R0JqKs5M3IV+exdLHW99qKvKivPO4Z8qbej6mte17SOPqAOVMjt/XGgWacnFSzM3g=="
    }
  }
}
